PODS:
  - flutter_midi_command (0.0.1):
    - FlutterMacOS
  - FlutterMacOS (1.0.0)
  - package_info_plus_macos (0.0.1):
    - FlutterMacOS
  - path_provider_macos (0.0.1):
    - FlutterMacOS
  - shared_preferences_macos (0.0.1):
    - FlutterMacOS
  - SwiftProtobuf (1.13.0)
  - url_launcher_macos (0.0.1):
    - FlutterMacOS

DEPENDENCIES:
  - flutter_midi_command (from `Flutter/ephemeral/.symlinks/plugins/flutter_midi_command/macos`)
  - FlutterMacOS (from `Flutter/ephemeral`)
  - package_info_plus_macos (from `Flutter/ephemeral/.symlinks/plugins/package_info_plus_macos/macos`)
  - path_provider_macos (from `Flutter/ephemeral/.symlinks/plugins/path_provider_macos/macos`)
  - shared_preferences_macos (from `Flutter/ephemeral/.symlinks/plugins/shared_preferences_macos/macos`)
  - SwiftProtobuf
  - url_launcher_macos (from `Flutter/ephemeral/.symlinks/plugins/url_launcher_macos/macos`)

SPEC REPOS:
  trunk:
    - SwiftProtobuf

EXTERNAL SOURCES:
  flutter_midi_command:
    :path: Flutter/ephemeral/.symlinks/plugins/flutter_midi_command/macos
  FlutterMacOS:
    :path: Flutter/ephemeral
  package_info_plus_macos:
    :path: Flutter/ephemeral/.symlinks/plugins/package_info_plus_macos/macos
  path_provider_macos:
    :path: Flutter/ephemeral/.symlinks/plugins/path_provider_macos/macos
  shared_preferences_macos:
    :path: Flutter/ephemeral/.symlinks/plugins/shared_preferences_macos/macos
  url_launcher_macos:
    :path: Flutter/ephemeral/.symlinks/plugins/url_launcher_macos/macos

SPEC CHECKSUMS:
  flutter_midi_command: c1a74de594e48e8fffd195a2ed5746161d507a48
  FlutterMacOS: 57701585bf7de1b3fc2bb61f6378d73bbdea8424
  package_info_plus_macos: f010621b07802a241d96d01876d6705f15e77c1c
  path_provider_macos: a0a3fd666cb7cd0448e936fb4abad4052961002b
  shared_preferences_macos: 480ce071d0666e37cef23fe6c702293a3d21799e
  SwiftProtobuf: fd4693388a96c8c2df35d3b063272b0e7c499d00
  url_launcher_macos: 45af3d61de06997666568a7149c1be98b41c95d4

PODFILE CHECKSUM: 2fbdd1e2587d5566bab687bc92adce54b042c807

COCOAPODS: 1.10.1
