PODS:
  - Flutter (1.0.0)
  - vibration (1.2.4):
    - Flutter

DEPENDENCIES:
  - Flutter (from `Flutter`)
  - vibration (from `.symlinks/plugins/vibration/ios`)

EXTERNAL SOURCES:
  Flutter:
    :path: Flutter
  vibration:
    :path: ".symlinks/plugins/vibration/ios"

SPEC CHECKSUMS:
  Flutter: 0e3d915762c693b495b44d77113d4970485de6ec
  vibration: f0c5bb486671fb81e973bfb451d89f8efd07c9c9

PODFILE CHECKSUM: 083258d7f5e80b42ea9bfee905fe93049bc04c64

COCOAPODS: 1.8.4
