PODS:
  - aeyrium_sensor (1.0.0):
    - Flutter
  - AudioKit/Core (4.10.1)
  - DKImagePickerController/Core (4.3.1):
    - DKImagePickerController/ImageDataManager
    - DKImagePickerController/Resource
  - DKImagePickerController/ImageDataManager (4.3.1)
  - DKImagePickerController/PhotoGallery (4.3.1):
    - DKImagePickerController/Core
    - DKPhotoGallery
  - DKImagePickerController/Resource (4.3.1)
  - DKPhotoGallery (0.0.15):
    - DKPhotoGallery/Core (= 0.0.15)
    - DKPhotoGallery/Model (= 0.0.15)
    - DKPhotoGallery/Preview (= 0.0.15)
    - DKPhotoGallery/Resource (= 0.0.15)
    - SDWebImage
    - SDWebImageFLPlugin
  - DKPhotoGallery/Core (0.0.15):
    - DKPhotoGallery/Model
    - DKPhotoGallery/Preview
    - SDWebImage
    - SDWebImageFLPlugin
  - DKPhotoGallery/Model (0.0.15):
    - SDWebImage
    - SDWebImageFLPlugin
  - DKPhotoGallery/Preview (0.0.15):
    - DKPhotoGallery/Model
    - DKPhotoGallery/Resource
    - SDWebImage
    - SDWebImageFLPlugin
  - DKPhotoGallery/Resource (0.0.15):
    - SDWebImage
    - SDWebImageFLPlugin
  - file_picker (0.0.1):
    - DKImagePickerController/PhotoGallery
    - Flutter
  - Firebase/Analytics (6.18.0):
    - Firebase/Core
  - Firebase/Core (6.18.0):
    - Firebase/CoreOnly
    - FirebaseAnalytics (= 6.3.0)
  - Firebase/CoreOnly (6.18.0):
    - FirebaseCore (= 6.6.3)
  - firebase_analytics (0.0.1):
    - Firebase/Analytics (~> 6.0)
    - Firebase/Core
    - Flutter
  - firebase_core (0.0.1):
    - Firebase/Core
    - Flutter
  - FirebaseAnalytics (6.3.0):
    - FirebaseCore (~> 6.6)
    - FirebaseInstallations (~> 1.1)
    - GoogleAppMeasurement (= 6.3.0)
    - GoogleUtilities/AppDelegateSwizzler (~> 6.0)
    - GoogleUtilities/MethodSwizzler (~> 6.0)
    - GoogleUtilities/Network (~> 6.0)
    - "GoogleUtilities/NSData+zlib (~> 6.0)"
    - nanopb (= 0.3.9011)
  - FirebaseCore (6.6.3):
    - FirebaseCoreDiagnostics (~> 1.2)
    - FirebaseCoreDiagnosticsInterop (~> 1.2)
    - GoogleUtilities/Environment (~> 6.5)
    - GoogleUtilities/Logger (~> 6.5)
  - FirebaseCoreDiagnostics (1.2.2):
    - FirebaseCoreDiagnosticsInterop (~> 1.2)
    - GoogleDataTransportCCTSupport (~> 2.0)
    - GoogleUtilities/Environment (~> 6.5)
    - GoogleUtilities/Logger (~> 6.5)
    - nanopb (~> 0.3.901)
  - FirebaseCoreDiagnosticsInterop (1.2.0)
  - FirebaseInstallations (1.1.0):
    - FirebaseCore (~> 6.6)
    - GoogleUtilities/UserDefaults (~> 6.5)
    - PromisesObjC (~> 1.2)
  - FLAnimatedImage (1.0.12)
  - Flutter (1.0.0)
  - flutter_keyboard_visibility (0.7.0):
    - Flutter
  - GoogleAppMeasurement (6.3.0):
    - GoogleUtilities/AppDelegateSwizzler (~> 6.0)
    - GoogleUtilities/MethodSwizzler (~> 6.0)
    - GoogleUtilities/Network (~> 6.0)
    - "GoogleUtilities/NSData+zlib (~> 6.0)"
    - nanopb (= 0.3.9011)
  - GoogleDataTransport (5.0.0)
  - GoogleDataTransportCCTSupport (2.0.0):
    - GoogleDataTransport (~> 5.0)
    - nanopb (~> 0.3.901)
  - GoogleUtilities/AppDelegateSwizzler (6.5.1):
    - GoogleUtilities/Environment
    - GoogleUtilities/Logger
    - GoogleUtilities/Network
  - GoogleUtilities/Environment (6.5.1)
  - GoogleUtilities/Logger (6.5.1):
    - GoogleUtilities/Environment
  - GoogleUtilities/MethodSwizzler (6.5.1):
    - GoogleUtilities/Logger
  - GoogleUtilities/Network (6.5.1):
    - GoogleUtilities/Logger
    - "GoogleUtilities/NSData+zlib"
    - GoogleUtilities/Reachability
  - "GoogleUtilities/NSData+zlib (6.5.1)"
  - GoogleUtilities/Reachability (6.5.1):
    - GoogleUtilities/Logger
  - GoogleUtilities/UserDefaults (6.5.1):
    - GoogleUtilities/Logger
  - nanopb (0.3.9011):
    - nanopb/decode (= 0.3.9011)
    - nanopb/encode (= 0.3.9011)
  - nanopb/decode (0.3.9011)
  - nanopb/encode (0.3.9011)
  - path_provider (0.0.1):
    - Flutter
  - PromisesObjC (1.2.8)
  - SDWebImage (5.8.0):
    - SDWebImage/Core (= 5.8.0)
  - SDWebImage/Core (5.8.0)
  - SDWebImageFLPlugin (0.4.0):
    - FLAnimatedImage (>= 1.0.11)
    - SDWebImage/Core (~> 5.6)
  - sensors (0.0.1):
    - Flutter
  - shared_preferences (0.0.1):
    - Flutter
  - SwiftProtobuf (1.8.0)
  - url_launcher (0.0.1):
    - Flutter
  - vibration (1.2.4):
    - Flutter

DEPENDENCIES:
  - aeyrium_sensor (from `.symlinks/plugins/aeyrium_sensor/ios`)
  - AudioKit/Core (~> 4.10)
  - file_picker (from `.symlinks/plugins/file_picker/ios`)
  - firebase_analytics (from `.symlinks/plugins/firebase_analytics/ios`)
  - firebase_core (from `.symlinks/plugins/firebase_core/ios`)
  - Flutter (from `Flutter`)
  - flutter_keyboard_visibility (from `.symlinks/plugins/flutter_keyboard_visibility/ios`)
  - path_provider (from `.symlinks/plugins/path_provider/ios`)
  - sensors (from `.symlinks/plugins/sensors/ios`)
  - shared_preferences (from `.symlinks/plugins/shared_preferences/ios`)
  - SwiftProtobuf
  - url_launcher (from `.symlinks/plugins/url_launcher/ios`)
  - vibration (from `.symlinks/plugins/vibration/ios`)

SPEC REPOS:
  trunk:
    - AudioKit
    - DKImagePickerController
    - DKPhotoGallery
    - Firebase
    - FirebaseAnalytics
    - FirebaseCore
    - FirebaseCoreDiagnostics
    - FirebaseCoreDiagnosticsInterop
    - FirebaseInstallations
    - FLAnimatedImage
    - GoogleAppMeasurement
    - GoogleDataTransport
    - GoogleDataTransportCCTSupport
    - GoogleUtilities
    - nanopb
    - PromisesObjC
    - SDWebImage
    - SDWebImageFLPlugin
    - SwiftProtobuf

EXTERNAL SOURCES:
  aeyrium_sensor:
    :path: ".symlinks/plugins/aeyrium_sensor/ios"
  file_picker:
    :path: ".symlinks/plugins/file_picker/ios"
  firebase_analytics:
    :path: ".symlinks/plugins/firebase_analytics/ios"
  firebase_core:
    :path: ".symlinks/plugins/firebase_core/ios"
  Flutter:
    :path: Flutter
  flutter_keyboard_visibility:
    :path: ".symlinks/plugins/flutter_keyboard_visibility/ios"
  path_provider:
    :path: ".symlinks/plugins/path_provider/ios"
  sensors:
    :path: ".symlinks/plugins/sensors/ios"
  shared_preferences:
    :path: ".symlinks/plugins/shared_preferences/ios"
  url_launcher:
    :path: ".symlinks/plugins/url_launcher/ios"
  vibration:
    :path: ".symlinks/plugins/vibration/ios"

SPEC CHECKSUMS:
  aeyrium_sensor: cdaa0bdd7206824ea4fb910c627cad05275362e5
  AudioKit: b8e508a0af3dc7d53caf0ca1002b187a662f949e
  DKImagePickerController: f3d397887f38b98276a506b02ed9c167425f7cf3
  DKPhotoGallery: e880aef16c108333240e1e7327896f2ea380f4f0
  file_picker: 3e6c3790de664ccf9b882732d9db5eaf6b8d4eb1
  Firebase: 0490eca762a72e4f1582319539153897f1508dee
  firebase_analytics: dacdcfc524d722fff13dcff942f0dfa47e6be567
  firebase_core: 0d8be0e0d14c4902953aeb5ac5d7316d1fe4b978
  FirebaseAnalytics: 058d71e714a1a6804d9e0f25e3bb18e377a51579
  FirebaseCore: 78276943ad85e616dfa54dafa6c89512987d9d60
  FirebaseCoreDiagnostics: e9b4cd8ba60dee0f2d13347332e4b7898cca5b61
  FirebaseCoreDiagnosticsInterop: 296e2c5f5314500a850ad0b83e9e7c10b011a850
  FirebaseInstallations: 575cd32f2aec0feeb0e44f5d0110a09e5e60b47b
  FLAnimatedImage: 4a0b56255d9b05f18b6dd7ee06871be5d3b89e31
  Flutter: 0e3d915762c693b495b44d77113d4970485de6ec
  flutter_keyboard_visibility: 6195387fb6d8f46e5cd6dda4a4154e41f800f545
  GoogleAppMeasurement: 39ecba10918b21c83877d392246157f65db351cf
  GoogleDataTransport: a857c6a002d201b524dd4bc2ed7e7355ed07e785
  GoogleDataTransportCCTSupport: 32f75fbe904c82772fcbb6b6bd4525bfb6f2a862
  GoogleUtilities: 06eb53bb579efe7099152735900dd04bf09e7275
  nanopb: 18003b5e52dab79db540fe93fe9579f399bd1ccd
  path_provider: abfe2b5c733d04e238b0d8691db0cfd63a27a93c
  PromisesObjC: c119f3cd559f50b7ae681fa59dc1acd19173b7e6
  SDWebImage: 84000f962cbfa70c07f19d2234cbfcf5d779b5dc
  SDWebImageFLPlugin: 6c2295fb1242d44467c6c87dc5db6b0a13228fd8
  sensors: 84eb7a30e47a649e4172b71d6e81be614c280336
  shared_preferences: af6bfa751691cdc24be3045c43ec037377ada40d
  SwiftProtobuf: 2cbd9409689b7df170d82a92a33443c8e3e14a70
  url_launcher: 6fef411d543ceb26efce54b05a0a40bfd74cbbef
  vibration: f0c5bb486671fb81e973bfb451d89f8efd07c9c9

PODFILE CHECKSUM: d5c885ad5d967049bacdfdc3e767ba12ae3ecf1d

COCOAPODS: 1.8.4
